
Microsoft Visual Studio Solution File, Format Version 12.00
# Visual Studio Version 17
VisualStudioVersion = 17.3.32929.385
MinimumVisualStudioVersion = 10.0.40219.1
Project("{FAE04EC0-301F-11D3-BF4B-00C04F79EFBC}") = "Apartments", "Apartments.csproj", "{9CBC5224-7086-4358-938E-3AE34C807822}"
EndProject
Global
	GlobalSection(SolutionConfigurationPlatforms) = preSolution
		Debug|Any CPU = Debug|Any CPU
		Release|Any CPU = Release|Any CPU
	EndGlobalSection
	GlobalSection(ProjectConfigurationPlatforms) = postSolution
		{9CBC5224-7086-4358-938E-3AE34C807822}.Debug|Any CPU.ActiveCfg = Debug|Any CPU
		{9CBC5224-7086-4358-938E-3AE34C807822}.Debug|Any CPU.Build.0 = Debug|Any CPU
		{9CBC5224-7086-4358-938E-3AE34C807822}.Release|Any CPU.ActiveCfg = Release|Any CPU
		{9CBC5224-7086-4358-938E-3AE34C807822}.Release|Any CPU.Build.0 = Release|Any CPU
	EndGlobalSection
	GlobalSection(SolutionProperties) = preSolution
		HideSolutionNode = FALSE
	EndGlobalSection
	GlobalSection(ExtensibilityGlobals) = postSolution
		SolutionGuid = {22AD760F-3C31-4EB6-911C-89DCC9011BD0}
	EndGlobalSection
EndGlobal
